// !$*UTF8*$!
{
	archiveVersion = 1;
	classes = {
	};
	objectVersion = 56;
	objects = {

/* Begin PBXBuildFile section */
		2D68C2AF2C69B8DB008CD29F /* AppDelegate.swift in Sources */ = {isa = PBXBuildFile; fileRef = 2D68C2AE2C69B8DB008CD29F /* AppDelegate.swift */; };
		2D68C2B12C69B8DB008CD29F /* SceneDelegate.swift in Sources */ = {isa = PBXBuildFile; fileRef = 2D68C2B02C69B8DB008CD29F /* SceneDelegate.swift */; };
		2D68C2B32C69B8DB008CD29F /* LoginViewController.swift in Sources */ = {isa = PBXBuildFile; fileRef = 2D68C2B22C69B8DB008CD29F /* LoginViewController.swift */; };
		2D68C2B62C69B8DB008CD29F /* Main.storyboard in Resources */ = {isa = PBXBuildFile; fileRef = 2D68C2B42C69B8DB008CD29F /* Main.storyboard */; };
		2D68C2B82C69B8DC008CD29F /* Assets.xcassets in Resources */ = {isa = PBXBuildFile; fileRef = 2D68C2B72C69B8DC008CD29F /* Assets.xcassets */; };
		2D68C2BB2C69B8DC008CD29F /* LaunchScreen.storyboard in Resources */ = {isa = PBXBuildFile; fileRef = 2D68C2B92C69B8DC008CD29F /* LaunchScreen.storyboard */; };
		2DB3314B2C74535C00EA1ECC /* Menu.storyboard in Resources */ = {isa = PBXBuildFile; fileRef = 2DB3314A2C74535C00EA1ECC /* Menu.storyboard */; };
		2DB3314D2C745EB300EA1ECC /* Sede.storyboard in Resources */ = {isa = PBXBuildFile; fileRef = 2DB3314C2C745EB300EA1ECC /* Sede.storyboard */; };
		2DB3314F2C75822900EA1ECC /* Canchas.storyboard in Resources */ = {isa = PBXBuildFile; fileRef = 2DB3314E2C75822900EA1ECC /* Canchas.storyboard */; };
		2DB331572C763BBB00EA1ECC /* Login.swift in Sources */ = {isa = PBXBuildFile; fileRef = 2DB331562C763BBB00EA1ECC /* Login.swift */; };
		2DB331592C763BDE00EA1ECC /* ErrorResponse.swift in Sources */ = {isa = PBXBuildFile; fileRef = 2DB331582C763BDE00EA1ECC /* ErrorResponse.swift */; };
		2DB3315B2C763BFB00EA1ECC /* Register.swift in Sources */ = {isa = PBXBuildFile; fileRef = 2DB3315A2C763BFB00EA1ECC /* Register.swift */; };
		2DB3315D2C763C8700EA1ECC /* Constants.swift in Sources */ = {isa = PBXBuildFile; fileRef = 2DB3315C2C763C8700EA1ECC /* Constants.swift */; };
		2DB331602C763DE500EA1ECC /* Alamofire in Frameworks */ = {isa = PBXBuildFile; productRef = 2DB3315F2C763DE500EA1ECC /* Alamofire */; };
		2DB331622C763E3A00EA1ECC /* NetworkManager.swift in Sources */ = {isa = PBXBuildFile; fileRef = 2DB331612C763E3A00EA1ECC /* NetworkManager.swift */; };
		2DB331642C763F3C00EA1ECC /* AuthService.swift in Sources */ = {isa = PBXBuildFile; fileRef = 2DB331632C763F3C00EA1ECC /* AuthService.swift */; };
		2DB331672C764A5E00EA1ECC /* KeychainAccess in Frameworks */ = {isa = PBXBuildFile; productRef = 2DB331662C764A5E00EA1ECC /* KeychainAccess */; };
		2DB331692C764BCE00EA1ECC /* SesionManager.swift in Sources */ = {isa = PBXBuildFile; fileRef = 2DB331682C764BCE00EA1ECC /* SesionManager.swift */; };
		2DB3316D2C765A3C00EA1ECC /* MenuViewController.swift in Sources */ = {isa = PBXBuildFile; fileRef = 2DB3316C2C765A3C00EA1ECC /* MenuViewController.swift */; };
		2DB3316F2C7691AD00EA1ECC /* LoginResponse.swift in Sources */ = {isa = PBXBuildFile; fileRef = 2DB3316E2C7691AD00EA1ECC /* LoginResponse.swift */; };
		2DC03D542C769F6F00A3FB61 /* Reserva.storyboard in Resources */ = {isa = PBXBuildFile; fileRef = 2DC03D532C769F6F00A3FB61 /* Reserva.storyboard */; };
		2DC03D582C769FD200A3FB61 /* ReservaViewController.swift in Sources */ = {isa = PBXBuildFile; fileRef = 2DC03D572C769FD200A3FB61 /* ReservaViewController.swift */; };
		2DC03D5A2C769FDF00A3FB61 /* SedeViewController.swift in Sources */ = {isa = PBXBuildFile; fileRef = 2DC03D592C769FDF00A3FB61 /* SedeViewController.swift */; };
		2DC03D5C2C76A01D00A3FB61 /* CanchasViewController.swift in Sources */ = {isa = PBXBuildFile; fileRef = 2DC03D5B2C76A01D00A3FB61 /* CanchasViewController.swift */; };
		2DC03D5E2C76A07300A3FB61 /* SedeTableViewCell.swift in Sources */ = {isa = PBXBuildFile; fileRef = 2DC03D5D2C76A07300A3FB61 /* SedeTableViewCell.swift */; };
		2DC03D602C76A08600A3FB61 /* CanchasTableViewCell.swift in Sources */ = {isa = PBXBuildFile; fileRef = 2DC03D5F2C76A08600A3FB61 /* CanchasTableViewCell.swift */; };
		2DC03D622C76A0BB00A3FB61 /* ReservaTableViewCell.swift in Sources */ = {isa = PBXBuildFile; fileRef = 2DC03D612C76A0BB00A3FB61 /* ReservaTableViewCell.swift */; };
		2DC03D642C76ED1F00A3FB61 /* FormularioSedeViewController.swift in Sources */ = {isa = PBXBuildFile; fileRef = 2DC03D632C76ED1F00A3FB61 /* FormularioSedeViewController.swift */; };
		2DC03D662C76EEFC00A3FB61 /* Sede.swift in Sources */ = {isa = PBXBuildFile; fileRef = 2DC03D652C76EEFC00A3FB61 /* Sede.swift */; };
		2DC03D682C76EF2D00A3FB61 /* SedeService.swift in Sources */ = {isa = PBXBuildFile; fileRef = 2DC03D672C76EF2D00A3FB61 /* SedeService.swift */; };
		2DC03D6A2C76F2F400A3FB61 /* UbigeoService.swift in Sources */ = {isa = PBXBuildFile; fileRef = 2DC03D692C76F2F400A3FB61 /* UbigeoService.swift */; };
		2DC03D6C2C76F41E00A3FB61 /* Ubigeo.swift in Sources */ = {isa = PBXBuildFile; fileRef = 2DC03D6B2C76F41E00A3FB61 /* Ubigeo.swift */; };
		2DC03D702C77AF6B00A3FB61 /* TipoCanchaService.swift in Sources */ = {isa = PBXBuildFile; fileRef = 2DC03D6F2C77AF6B00A3FB61 /* TipoCanchaService.swift */; };
		2DC03D722C77B13E00A3FB61 /* TipoCancha.swift in Sources */ = {isa = PBXBuildFile; fileRef = 2DC03D712C77B13E00A3FB61 /* TipoCancha.swift */; };
		2DC03D742C77B1F900A3FB61 /* CanchaResponse.swift in Sources */ = {isa = PBXBuildFile; fileRef = 2DC03D732C77B1F900A3FB61 /* CanchaResponse.swift */; };
		2DC03D762C77B26E00A3FB61 /* CanchaService.swift in Sources */ = {isa = PBXBuildFile; fileRef = 2DC03D752C77B26E00A3FB61 /* CanchaService.swift */; };
		2DC03D782C77B4B400A3FB61 /* CanchaErrorResponse.swift in Sources */ = {isa = PBXBuildFile; fileRef = 2DC03D772C77B4B400A3FB61 /* CanchaErrorResponse.swift */; };
		2DC03D7A2C77C45100A3FB61 /* FormularioCanchaViewController.swift in Sources */ = {isa = PBXBuildFile; fileRef = 2DC03D792C77C45100A3FB61 /* FormularioCanchaViewController.swift */; };
		2DC03D7C2C7C05E300A3FB61 /* CanchaRequest.swift in Sources */ = {isa = PBXBuildFile; fileRef = 2DC03D7B2C7C05E300A3FB61 /* CanchaRequest.swift */; };
/* End PBXBuildFile section */

/* Begin PBXFileReference section */
		2D68C2AB2C69B8DB008CD29F /* SCS-iOS-Project.app */ = {isa = PBXFileReference; explicitFileType = wrapper.application; includeInIndex = 0; path = "SCS-iOS-Project.app"; sourceTree = BUILT_PRODUCTS_DIR; };
		2D68C2AE2C69B8DB008CD29F /* AppDelegate.swift */ = {isa = PBXFileReference; lastKnownFileType = sourcecode.swift; path = AppDelegate.swift; sourceTree = "<group>"; };
		2D68C2B02C69B8DB008CD29F /* SceneDelegate.swift */ = {isa = PBXFileReference; lastKnownFileType = sourcecode.swift; path = SceneDelegate.swift; sourceTree = "<group>"; };
		2D68C2B22C69B8DB008CD29F /* LoginViewController.swift */ = {isa = PBXFileReference; lastKnownFileType = sourcecode.swift; path = LoginViewController.swift; sourceTree = "<group>"; };
		2D68C2B52C69B8DB008CD29F /* Base */ = {isa = PBXFileReference; lastKnownFileType = file.storyboard; name = Base; path = Base.lproj/Main.storyboard; sourceTree = "<group>"; };
		2D68C2B72C69B8DC008CD29F /* Assets.xcassets */ = {isa = PBXFileReference; lastKnownFileType = folder.assetcatalog; path = Assets.xcassets; sourceTree = "<group>"; };
		2D68C2BA2C69B8DC008CD29F /* Base */ = {isa = PBXFileReference; lastKnownFileType = file.storyboard; name = Base; path = Base.lproj/LaunchScreen.storyboard; sourceTree = "<group>"; };
		2D68C2BC2C69B8DC008CD29F /* Info.plist */ = {isa = PBXFileReference; lastKnownFileType = text.plist.xml; path = Info.plist; sourceTree = "<group>"; };
		2DB3314A2C74535C00EA1ECC /* Menu.storyboard */ = {isa = PBXFileReference; lastKnownFileType = file.storyboard; path = Menu.storyboard; sourceTree = "<group>"; };
		2DB3314C2C745EB300EA1ECC /* Sede.storyboard */ = {isa = PBXFileReference; lastKnownFileType = file.storyboard; path = Sede.storyboard; sourceTree = "<group>"; };
		2DB3314E2C75822900EA1ECC /* Canchas.storyboard */ = {isa = PBXFileReference; lastKnownFileType = file.storyboard; path = Canchas.storyboard; sourceTree = "<group>"; };
		2DB331562C763BBB00EA1ECC /* Login.swift */ = {isa = PBXFileReference; lastKnownFileType = sourcecode.swift; path = Login.swift; sourceTree = "<group>"; };
		2DB331582C763BDE00EA1ECC /* ErrorResponse.swift */ = {isa = PBXFileReference; lastKnownFileType = sourcecode.swift; path = ErrorResponse.swift; sourceTree = "<group>"; };
		2DB3315A2C763BFB00EA1ECC /* Register.swift */ = {isa = PBXFileReference; lastKnownFileType = sourcecode.swift; path = Register.swift; sourceTree = "<group>"; };
		2DB3315C2C763C8700EA1ECC /* Constants.swift */ = {isa = PBXFileReference; lastKnownFileType = sourcecode.swift; path = Constants.swift; sourceTree = "<group>"; };
		2DB331612C763E3A00EA1ECC /* NetworkManager.swift */ = {isa = PBXFileReference; lastKnownFileType = sourcecode.swift; path = NetworkManager.swift; sourceTree = "<group>"; };
		2DB331632C763F3C00EA1ECC /* AuthService.swift */ = {isa = PBXFileReference; lastKnownFileType = sourcecode.swift; path = AuthService.swift; sourceTree = "<group>"; };
		2DB331682C764BCE00EA1ECC /* SesionManager.swift */ = {isa = PBXFileReference; lastKnownFileType = sourcecode.swift; path = SesionManager.swift; sourceTree = "<group>"; };
		2DB3316C2C765A3C00EA1ECC /* MenuViewController.swift */ = {isa = PBXFileReference; lastKnownFileType = sourcecode.swift; path = MenuViewController.swift; sourceTree = "<group>"; };
		2DB3316E2C7691AD00EA1ECC /* LoginResponse.swift */ = {isa = PBXFileReference; lastKnownFileType = sourcecode.swift; path = LoginResponse.swift; sourceTree = "<group>"; };
		2DC03D532C769F6F00A3FB61 /* Reserva.storyboard */ = {isa = PBXFileReference; lastKnownFileType = file.storyboard; path = Reserva.storyboard; sourceTree = "<group>"; };
		2DC03D572C769FD200A3FB61 /* ReservaViewController.swift */ = {isa = PBXFileReference; lastKnownFileType = sourcecode.swift; path = ReservaViewController.swift; sourceTree = "<group>"; };
		2DC03D592C769FDF00A3FB61 /* SedeViewController.swift */ = {isa = PBXFileReference; lastKnownFileType = sourcecode.swift; path = SedeViewController.swift; sourceTree = "<group>"; };
		2DC03D5B2C76A01D00A3FB61 /* CanchasViewController.swift */ = {isa = PBXFileReference; lastKnownFileType = sourcecode.swift; path = CanchasViewController.swift; sourceTree = "<group>"; };
		2DC03D5D2C76A07300A3FB61 /* SedeTableViewCell.swift */ = {isa = PBXFileReference; lastKnownFileType = sourcecode.swift; path = SedeTableViewCell.swift; sourceTree = "<group>"; };
		2DC03D5F2C76A08600A3FB61 /* CanchasTableViewCell.swift */ = {isa = PBXFileReference; lastKnownFileType = sourcecode.swift; path = CanchasTableViewCell.swift; sourceTree = "<group>"; };
		2DC03D612C76A0BB00A3FB61 /* ReservaTableViewCell.swift */ = {isa = PBXFileReference; lastKnownFileType = sourcecode.swift; path = ReservaTableViewCell.swift; sourceTree = "<group>"; };
		2DC03D632C76ED1F00A3FB61 /* FormularioSedeViewController.swift */ = {isa = PBXFileReference; lastKnownFileType = sourcecode.swift; path = FormularioSedeViewController.swift; sourceTree = "<group>"; };
		2DC03D652C76EEFC00A3FB61 /* Sede.swift */ = {isa = PBXFileReference; lastKnownFileType = sourcecode.swift; path = Sede.swift; sourceTree = "<group>"; };
		2DC03D672C76EF2D00A3FB61 /* SedeService.swift */ = {isa = PBXFileReference; lastKnownFileType = sourcecode.swift; path = SedeService.swift; sourceTree = "<group>"; };
		2DC03D692C76F2F400A3FB61 /* UbigeoService.swift */ = {isa = PBXFileReference; lastKnownFileType = sourcecode.swift; path = UbigeoService.swift; sourceTree = "<group>"; };
		2DC03D6B2C76F41E00A3FB61 /* Ubigeo.swift */ = {isa = PBXFileReference; lastKnownFileType = sourcecode.swift; path = Ubigeo.swift; sourceTree = "<group>"; };
		2DC03D6F2C77AF6B00A3FB61 /* TipoCanchaService.swift */ = {isa = PBXFileReference; lastKnownFileType = sourcecode.swift; path = TipoCanchaService.swift; sourceTree = "<group>"; };
		2DC03D712C77B13E00A3FB61 /* TipoCancha.swift */ = {isa = PBXFileReference; lastKnownFileType = sourcecode.swift; path = TipoCancha.swift; sourceTree = "<group>"; };
		2DC03D732C77B1F900A3FB61 /* CanchaResponse.swift */ = {isa = PBXFileReference; lastKnownFileType = sourcecode.swift; path = CanchaResponse.swift; sourceTree = "<group>"; };
		2DC03D752C77B26E00A3FB61 /* CanchaService.swift */ = {isa = PBXFileReference; lastKnownFileType = sourcecode.swift; path = CanchaService.swift; sourceTree = "<group>"; };
		2DC03D772C77B4B400A3FB61 /* CanchaErrorResponse.swift */ = {isa = PBXFileReference; lastKnownFileType = sourcecode.swift; path = CanchaErrorResponse.swift; sourceTree = "<group>"; };
		2DC03D792C77C45100A3FB61 /* FormularioCanchaViewController.swift */ = {isa = PBXFileReference; lastKnownFileType = sourcecode.swift; path = FormularioCanchaViewController.swift; sourceTree = "<group>"; };
		2DC03D7B2C7C05E300A3FB61 /* CanchaRequest.swift */ = {isa = PBXFileReference; lastKnownFileType = sourcecode.swift; path = CanchaRequest.swift; sourceTree = "<group>"; };
/* End PBXFileReference section */

/* Begin PBXFrameworksBuildPhase section */
		2D68C2A82C69B8DB008CD29F /* Frameworks */ = {
			isa = PBXFrameworksBuildPhase;
			buildActionMask = 2147483647;
			files = (
				2DB331672C764A5E00EA1ECC /* KeychainAccess in Frameworks */,
				2DB331602C763DE500EA1ECC /* Alamofire in Frameworks */,
			);
			runOnlyForDeploymentPostprocessing = 0;
		};
/* End PBXFrameworksBuildPhase section */

/* Begin PBXGroup section */
		2D68C2A22C69B8DB008CD29F = {
			isa = PBXGroup;
			children = (
				2D68C2AD2C69B8DB008CD29F /* SCS-iOS-Project */,
				2D68C2AC2C69B8DB008CD29F /* Products */,
			);
			sourceTree = "<group>";
		};
		2D68C2AC2C69B8DB008CD29F /* Products */ = {
			isa = PBXGroup;
			children = (
				2D68C2AB2C69B8DB008CD29F /* SCS-iOS-Project.app */,
			);
			name = Products;
			sourceTree = "<group>";
		};
		2D68C2AD2C69B8DB008CD29F /* SCS-iOS-Project */ = {
			isa = PBXGroup;
			children = (
				2DB3315C2C763C8700EA1ECC /* Constants.swift */,
				2DB331552C7637EF00EA1ECC /* Login */,
				2DB331502C7636F900EA1ECC /* Menu */,
				2DB331512C76374600EA1ECC /* Sede */,
				2DB331522C76375100EA1ECC /* Canchas */,
				2DB331702C76989B00EA1ECC /* Reserva */,
				2DB331542C76376500EA1ECC /* Services */,
				2DB331532C76375900EA1ECC /* Models */,
				2D68C2AE2C69B8DB008CD29F /* AppDelegate.swift */,
				2D68C2B02C69B8DB008CD29F /* SceneDelegate.swift */,
				2D68C2B92C69B8DC008CD29F /* LaunchScreen.storyboard */,
				2D68C2B72C69B8DC008CD29F /* Assets.xcassets */,
				2D68C2BC2C69B8DC008CD29F /* Info.plist */,
			);
			path = "SCS-iOS-Project";
			sourceTree = "<group>";
		};
		2DB331502C7636F900EA1ECC /* Menu */ = {
			isa = PBXGroup;
			children = (
				2DB3314A2C74535C00EA1ECC /* Menu.storyboard */,
				2DB3316C2C765A3C00EA1ECC /* MenuViewController.swift */,
			);
			path = Menu;
			sourceTree = "<group>";
		};
		2DB331512C76374600EA1ECC /* Sede */ = {
			isa = PBXGroup;
			children = (
				2DB3314C2C745EB300EA1ECC /* Sede.storyboard */,
				2DC03D592C769FDF00A3FB61 /* SedeViewController.swift */,
				2DC03D5D2C76A07300A3FB61 /* SedeTableViewCell.swift */,
				2DC03D632C76ED1F00A3FB61 /* FormularioSedeViewController.swift */,
			);
			path = Sede;
			sourceTree = "<group>";
		};
		2DB331522C76375100EA1ECC /* Canchas */ = {
			isa = PBXGroup;
			children = (
				2DB3314E2C75822900EA1ECC /* Canchas.storyboard */,
				2DC03D5B2C76A01D00A3FB61 /* CanchasViewController.swift */,
				2DC03D5F2C76A08600A3FB61 /* CanchasTableViewCell.swift */,
				2DC03D792C77C45100A3FB61 /* FormularioCanchaViewController.swift */,
			);
			path = Canchas;
			sourceTree = "<group>";
		};
		2DB331532C76375900EA1ECC /* Models */ = {
			isa = PBXGroup;
			children = (
				2DB331562C763BBB00EA1ECC /* Login.swift */,
				2DB331582C763BDE00EA1ECC /* ErrorResponse.swift */,
				2DB3315A2C763BFB00EA1ECC /* Register.swift */,
				2DB3316E2C7691AD00EA1ECC /* LoginResponse.swift */,
				2DC03D652C76EEFC00A3FB61 /* Sede.swift */,
				2DC03D6B2C76F41E00A3FB61 /* Ubigeo.swift */,
				2DC03D712C77B13E00A3FB61 /* TipoCancha.swift */,
				2DC03D732C77B1F900A3FB61 /* CanchaResponse.swift */,
				2DC03D772C77B4B400A3FB61 /* CanchaErrorResponse.swift */,
				2DC03D7B2C7C05E300A3FB61 /* CanchaRequest.swift */,
			);
			path = Models;
			sourceTree = "<group>";
		};
		2DB331542C76376500EA1ECC /* Services */ = {
			isa = PBXGroup;
			children = (
				2DB331612C763E3A00EA1ECC /* NetworkManager.swift */,
				2DB331632C763F3C00EA1ECC /* AuthService.swift */,
				2DB331682C764BCE00EA1ECC /* SesionManager.swift */,
				2DC03D672C76EF2D00A3FB61 /* SedeService.swift */,
				2DC03D692C76F2F400A3FB61 /* UbigeoService.swift */,
				2DC03D6F2C77AF6B00A3FB61 /* TipoCanchaService.swift */,
				2DC03D752C77B26E00A3FB61 /* CanchaService.swift */,
			);
			path = Services;
			sourceTree = "<group>";
		};
		2DB331552C7637EF00EA1ECC /* Login */ = {
			isa = PBXGroup;
			children = (
				2D68C2B42C69B8DB008CD29F /* Main.storyboard */,
				2D68C2B22C69B8DB008CD29F /* LoginViewController.swift */,
			);
			path = Login;
			sourceTree = "<group>";
		};
		2DB331702C76989B00EA1ECC /* Reserva */ = {
			isa = PBXGroup;
			children = (
				2DC03D532C769F6F00A3FB61 /* Reserva.storyboard */,
				2DC03D572C769FD200A3FB61 /* ReservaViewController.swift */,
				2DC03D612C76A0BB00A3FB61 /* ReservaTableViewCell.swift */,
			);
			path = Reserva;
			sourceTree = "<group>";
		};
/* End PBXGroup section */

/* Begin PBXNativeTarget section */
		2D68C2AA2C69B8DB008CD29F /* SCS-iOS-Project */ = {
			isa = PBXNativeTarget;
			buildConfigurationList = 2D68C2BF2C69B8DC008CD29F /* Build configuration list for PBXNativeTarget "SCS-iOS-Project" */;
			buildPhases = (
				2D68C2A72C69B8DB008CD29F /* Sources */,
				2D68C2A82C69B8DB008CD29F /* Frameworks */,
				2D68C2A92C69B8DB008CD29F /* Resources */,
			);
			buildRules = (
			);
			dependencies = (
			);
			name = "SCS-iOS-Project";
			packageProductDependencies = (
				2DB3315F2C763DE500EA1ECC /* Alamofire */,
				2DB331662C764A5E00EA1ECC /* KeychainAccess */,
			);
			productName = "SCS-iOS-Project";
			productReference = 2D68C2AB2C69B8DB008CD29F /* SCS-iOS-Project.app */;
			productType = "com.apple.product-type.application";
		};
/* End PBXNativeTarget section */

/* Begin PBXProject section */
		2D68C2A32C69B8DB008CD29F /* Project object */ = {
			isa = PBXProject;
			attributes = {
				BuildIndependentTargetsInParallel = 1;
				LastSwiftUpdateCheck = 1500;
				LastUpgradeCheck = 1500;
				TargetAttributes = {
					2D68C2AA2C69B8DB008CD29F = {
						CreatedOnToolsVersion = 15.0;
					};
				};
			};
			buildConfigurationList = 2D68C2A62C69B8DB008CD29F /* Build configuration list for PBXProject "SCS-iOS-Project" */;
			compatibilityVersion = "Xcode 14.0";
			developmentRegion = en;
			hasScannedForEncodings = 0;
			knownRegions = (
				en,
				Base,
			);
			mainGroup = 2D68C2A22C69B8DB008CD29F;
			packageReferences = (
				2DB3315E2C763DE500EA1ECC /* XCRemoteSwiftPackageReference "Alamofire" */,
				2DB331652C764A5E00EA1ECC /* XCRemoteSwiftPackageReference "KeychainAccess" */,
			);
			productRefGroup = 2D68C2AC2C69B8DB008CD29F /* Products */;
			projectDirPath = "";
			projectRoot = "";
			targets = (
				2D68C2AA2C69B8DB008CD29F /* SCS-iOS-Project */,
			);
		};
/* End PBXProject section */

/* Begin PBXResourcesBuildPhase section */
		2D68C2A92C69B8DB008CD29F /* Resources */ = {
			isa = PBXResourcesBuildPhase;
			buildActionMask = 2147483647;
			files = (
				2DB3314F2C75822900EA1ECC /* Canchas.storyboard in Resources */,
				2D68C2BB2C69B8DC008CD29F /* LaunchScreen.storyboard in Resources */,
				2DB3314D2C745EB300EA1ECC /* Sede.storyboard in Resources */,
				2D68C2B82C69B8DC008CD29F /* Assets.xcassets in Resources */,
				2D68C2B62C69B8DB008CD29F /* Main.storyboard in Resources */,
				2DB3314B2C74535C00EA1ECC /* Menu.storyboard in Resources */,
				2DC03D542C769F6F00A3FB61 /* Reserva.storyboard in Resources */,
			);
			runOnlyForDeploymentPostprocessing = 0;
		};
/* End PBXResourcesBuildPhase section */

/* Begin PBXSourcesBuildPhase section */
		2D68C2A72C69B8DB008CD29F /* Sources */ = {
			isa = PBXSourcesBuildPhase;
			buildActionMask = 2147483647;
			files = (
				2DC03D782C77B4B400A3FB61 /* CanchaErrorResponse.swift in Sources */,
				2DB3315B2C763BFB00EA1ECC /* Register.swift in Sources */,
				2DB331592C763BDE00EA1ECC /* ErrorResponse.swift in Sources */,
				2DB3316F2C7691AD00EA1ECC /* LoginResponse.swift in Sources */,
				2DC03D642C76ED1F00A3FB61 /* FormularioSedeViewController.swift in Sources */,
				2D68C2B32C69B8DB008CD29F /* LoginViewController.swift in Sources */,
				2DC03D5C2C76A01D00A3FB61 /* CanchasViewController.swift in Sources */,
				2DC03D6C2C76F41E00A3FB61 /* Ubigeo.swift in Sources */,
				2DB331642C763F3C00EA1ECC /* AuthService.swift in Sources */,
				2DC03D682C76EF2D00A3FB61 /* SedeService.swift in Sources */,
				2DC03D5E2C76A07300A3FB61 /* SedeTableViewCell.swift in Sources */,
				2DC03D7C2C7C05E300A3FB61 /* CanchaRequest.swift in Sources */,
				2DB3316D2C765A3C00EA1ECC /* MenuViewController.swift in Sources */,
				2DC03D6A2C76F2F400A3FB61 /* UbigeoService.swift in Sources */,
				2DC03D582C769FD200A3FB61 /* ReservaViewController.swift in Sources */,
				2DC03D742C77B1F900A3FB61 /* CanchaResponse.swift in Sources */,
				2DC03D762C77B26E00A3FB61 /* CanchaService.swift in Sources */,
				2DC03D5A2C769FDF00A3FB61 /* SedeViewController.swift in Sources */,
				2DC03D622C76A0BB00A3FB61 /* ReservaTableViewCell.swift in Sources */,
				2DC03D602C76A08600A3FB61 /* CanchasTableViewCell.swift in Sources */,
				2D68C2AF2C69B8DB008CD29F /* AppDelegate.swift in Sources */,
				2DB331622C763E3A00EA1ECC /* NetworkManager.swift in Sources */,
				2DB331692C764BCE00EA1ECC /* SesionManager.swift in Sources */,
				2DC03D7A2C77C45100A3FB61 /* FormularioCanchaViewController.swift in Sources */,
				2DC03D722C77B13E00A3FB61 /* TipoCancha.swift in Sources */,
				2DB3315D2C763C8700EA1ECC /* Constants.swift in Sources */,
				2D68C2B12C69B8DB008CD29F /* SceneDelegate.swift in Sources */,
				2DC03D702C77AF6B00A3FB61 /* TipoCanchaService.swift in Sources */,
				2DC03D662C76EEFC00A3FB61 /* Sede.swift in Sources */,
				2DB331572C763BBB00EA1ECC /* Login.swift in Sources */,
			);
			runOnlyForDeploymentPostprocessing = 0;
		};
/* End PBXSourcesBuildPhase section */

/* Begin PBXVariantGroup section */
		2D68C2B42C69B8DB008CD29F /* Main.storyboard */ = {
			isa = PBXVariantGroup;
			children = (
				2D68C2B52C69B8DB008CD29F /* Base */,
			);
			name = Main.storyboard;
			sourceTree = "<group>";
		};
		2D68C2B92C69B8DC008CD29F /* LaunchScreen.storyboard */ = {
			isa = PBXVariantGroup;
			children = (
				2D68C2BA2C69B8DC008CD29F /* Base */,
			);
			name = LaunchScreen.storyboard;
			sourceTree = "<group>";
		};
/* End PBXVariantGroup section */

/* Begin XCBuildConfiguration section */
		2D68C2BD2C69B8DC008CD29F /* Debug */ = {
			isa = XCBuildConfiguration;
			buildSettings = {
				ALWAYS_SEARCH_USER_PATHS = NO;
				ASSETCATALOG_COMPILER_GENERATE_SWIFT_ASSET_SYMBOL_EXTENSIONS = YES;
				CLANG_ANALYZER_NONNULL = YES;
				CLANG_ANALYZER_NUMBER_OBJECT_CONVERSION = YES_AGGRESSIVE;
				CLANG_CXX_LANGUAGE_STANDARD = "gnu++20";
				CLANG_ENABLE_MODULES = YES;
				CLANG_ENABLE_OBJC_ARC = YES;
				CLANG_ENABLE_OBJC_WEAK = YES;
				CLANG_WARN_BLOCK_CAPTURE_AUTORELEASING = YES;
				CLANG_WARN_BOOL_CONVERSION = YES;
				CLANG_WARN_COMMA = YES;
				CLANG_WARN_CONSTANT_CONVERSION = YES;
				CLANG_WARN_DEPRECATED_OBJC_IMPLEMENTATIONS = YES;
				CLANG_WARN_DIRECT_OBJC_ISA_USAGE = YES_ERROR;
				CLANG_WARN_DOCUMENTATION_COMMENTS = YES;
				CLANG_WARN_EMPTY_BODY = YES;
				CLANG_WARN_ENUM_CONVERSION = YES;
				CLANG_WARN_INFINITE_RECURSION = YES;
				CLANG_WARN_INT_CONVERSION = YES;
				CLANG_WARN_NON_LITERAL_NULL_CONVERSION = YES;
				CLANG_WARN_OBJC_IMPLICIT_RETAIN_SELF = YES;
				CLANG_WARN_OBJC_LITERAL_CONVERSION = YES;
				CLANG_WARN_OBJC_ROOT_CLASS = YES_ERROR;
				CLANG_WARN_QUOTED_INCLUDE_IN_FRAMEWORK_HEADER = YES;
				CLANG_WARN_RANGE_LOOP_ANALYSIS = YES;
				CLANG_WARN_STRICT_PROTOTYPES = YES;
				CLANG_WARN_SUSPICIOUS_MOVE = YES;
				CLANG_WARN_UNGUARDED_AVAILABILITY = YES_AGGRESSIVE;
				CLANG_WARN_UNREACHABLE_CODE = YES;
				CLANG_WARN__DUPLICATE_METHOD_MATCH = YES;
				COPY_PHASE_STRIP = NO;
				DEBUG_INFORMATION_FORMAT = dwarf;
				ENABLE_STRICT_OBJC_MSGSEND = YES;
				ENABLE_TESTABILITY = YES;
				ENABLE_USER_SCRIPT_SANDBOXING = YES;
				GCC_C_LANGUAGE_STANDARD = gnu17;
				GCC_DYNAMIC_NO_PIC = NO;
				GCC_NO_COMMON_BLOCKS = YES;
				GCC_OPTIMIZATION_LEVEL = 0;
				GCC_PREPROCESSOR_DEFINITIONS = (
					"DEBUG=1",
					"$(inherited)",
				);
				GCC_WARN_64_TO_32_BIT_CONVERSION = YES;
				GCC_WARN_ABOUT_RETURN_TYPE = YES_ERROR;
				GCC_WARN_UNDECLARED_SELECTOR = YES;
				GCC_WARN_UNINITIALIZED_AUTOS = YES_AGGRESSIVE;
				GCC_WARN_UNUSED_FUNCTION = YES;
				GCC_WARN_UNUSED_VARIABLE = YES;
				IPHONEOS_DEPLOYMENT_TARGET = 17.0;
				LOCALIZATION_PREFERS_STRING_CATALOGS = YES;
				MTL_ENABLE_DEBUG_INFO = INCLUDE_SOURCE;
				MTL_FAST_MATH = YES;
				ONLY_ACTIVE_ARCH = YES;
				SDKROOT = iphoneos;
				SWIFT_ACTIVE_COMPILATION_CONDITIONS = "DEBUG $(inherited)";
				SWIFT_OPTIMIZATION_LEVEL = "-Onone";
			};
			name = Debug;
		};
		2D68C2BE2C69B8DC008CD29F /* Release */ = {
			isa = XCBuildConfiguration;
			buildSettings = {
				ALWAYS_SEARCH_USER_PATHS = NO;
				ASSETCATALOG_COMPILER_GENERATE_SWIFT_ASSET_SYMBOL_EXTENSIONS = YES;
				CLANG_ANALYZER_NONNULL = YES;
				CLANG_ANALYZER_NUMBER_OBJECT_CONVERSION = YES_AGGRESSIVE;
				CLANG_CXX_LANGUAGE_STANDARD = "gnu++20";
				CLANG_ENABLE_MODULES = YES;
				CLANG_ENABLE_OBJC_ARC = YES;
				CLANG_ENABLE_OBJC_WEAK = YES;
				CLANG_WARN_BLOCK_CAPTURE_AUTORELEASING = YES;
				CLANG_WARN_BOOL_CONVERSION = YES;
				CLANG_WARN_COMMA = YES;
				CLANG_WARN_CONSTANT_CONVERSION = YES;
				CLANG_WARN_DEPRECATED_OBJC_IMPLEMENTATIONS = YES;
				CLANG_WARN_DIRECT_OBJC_ISA_USAGE = YES_ERROR;
				CLANG_WARN_DOCUMENTATION_COMMENTS = YES;
				CLANG_WARN_EMPTY_BODY = YES;
				CLANG_WARN_ENUM_CONVERSION = YES;
				CLANG_WARN_INFINITE_RECURSION = YES;
				CLANG_WARN_INT_CONVERSION = YES;
				CLANG_WARN_NON_LITERAL_NULL_CONVERSION = YES;
				CLANG_WARN_OBJC_IMPLICIT_RETAIN_SELF = YES;
				CLANG_WARN_OBJC_LITERAL_CONVERSION = YES;
				CLANG_WARN_OBJC_ROOT_CLASS = YES_ERROR;
				CLANG_WARN_QUOTED_INCLUDE_IN_FRAMEWORK_HEADER = YES;
				CLANG_WARN_RANGE_LOOP_ANALYSIS = YES;
				CLANG_WARN_STRICT_PROTOTYPES = YES;
				CLANG_WARN_SUSPICIOUS_MOVE = YES;
				CLANG_WARN_UNGUARDED_AVAILABILITY = YES_AGGRESSIVE;
				CLANG_WARN_UNREACHABLE_CODE = YES;
				CLANG_WARN__DUPLICATE_METHOD_MATCH = YES;
				COPY_PHASE_STRIP = NO;
				DEBUG_INFORMATION_FORMAT = "dwarf-with-dsym";
				ENABLE_NS_ASSERTIONS = NO;
				ENABLE_STRICT_OBJC_MSGSEND = YES;
				ENABLE_USER_SCRIPT_SANDBOXING = YES;
				GCC_C_LANGUAGE_STANDARD = gnu17;
				GCC_NO_COMMON_BLOCKS = YES;
				GCC_WARN_64_TO_32_BIT_CONVERSION = YES;
				GCC_WARN_ABOUT_RETURN_TYPE = YES_ERROR;
				GCC_WARN_UNDECLARED_SELECTOR = YES;
				GCC_WARN_UNINITIALIZED_AUTOS = YES_AGGRESSIVE;
				GCC_WARN_UNUSED_FUNCTION = YES;
				GCC_WARN_UNUSED_VARIABLE = YES;
				IPHONEOS_DEPLOYMENT_TARGET = 17.0;
				LOCALIZATION_PREFERS_STRING_CATALOGS = YES;
				MTL_ENABLE_DEBUG_INFO = NO;
				MTL_FAST_MATH = YES;
				SDKROOT = iphoneos;
				SWIFT_COMPILATION_MODE = wholemodule;
				VALIDATE_PRODUCT = YES;
			};
			name = Release;
		};
		2D68C2C02C69B8DC008CD29F /* Debug */ = {
			isa = XCBuildConfiguration;
			buildSettings = {
				ASSETCATALOG_COMPILER_APPICON_NAME = AppIcon;
				ASSETCATALOG_COMPILER_GLOBAL_ACCENT_COLOR_NAME = AccentColor;
				CODE_SIGN_STYLE = Automatic;
				CURRENT_PROJECT_VERSION = 1;
				GENERATE_INFOPLIST_FILE = YES;
				INFOPLIST_FILE = "SCS-iOS-Project/Info.plist";
				INFOPLIST_KEY_UIApplicationSupportsIndirectInputEvents = YES;
				INFOPLIST_KEY_UILaunchStoryboardName = LaunchScreen;
				INFOPLIST_KEY_UIMainStoryboardFile = Main;
				INFOPLIST_KEY_UISupportedInterfaceOrientations_iPad = "UIInterfaceOrientationPortrait UIInterfaceOrientationPortraitUpsideDown UIInterfaceOrientationLandscapeLeft UIInterfaceOrientationLandscapeRight";
				INFOPLIST_KEY_UISupportedInterfaceOrientations_iPhone = "UIInterfaceOrientationPortrait UIInterfaceOrientationLandscapeLeft UIInterfaceOrientationLandscapeRight";
				LD_RUNPATH_SEARCH_PATHS = (
					"$(inherited)",
					"@executable_path/Frameworks",
				);
				MARKETING_VERSION = 1.0;
				PRODUCT_BUNDLE_IDENTIFIER = "cibertec.SCS-iOS-Project";
				PRODUCT_NAME = "$(TARGET_NAME)";
				SWIFT_EMIT_LOC_STRINGS = YES;
				SWIFT_VERSION = 5.0;
				TARGETED_DEVICE_FAMILY = "1,2";
			};
			name = Debug;
		};
		2D68C2C12C69B8DC008CD29F /* Release */ = {
			isa = XCBuildConfiguration;
			buildSettings = {
				ASSETCATALOG_COMPILER_APPICON_NAME = AppIcon;
				ASSETCATALOG_COMPILER_GLOBAL_ACCENT_COLOR_NAME = AccentColor;
				CODE_SIGN_STYLE = Automatic;
				CURRENT_PROJECT_VERSION = 1;
				GENERATE_INFOPLIST_FILE = YES;
				INFOPLIST_FILE = "SCS-iOS-Project/Info.plist";
				INFOPLIST_KEY_UIApplicationSupportsIndirectInputEvents = YES;
				INFOPLIST_KEY_UILaunchStoryboardName = LaunchScreen;
				INFOPLIST_KEY_UIMainStoryboardFile = Main;
				INFOPLIST_KEY_UISupportedInterfaceOrientations_iPad = "UIInterfaceOrientationPortrait UIInterfaceOrientationPortraitUpsideDown UIInterfaceOrientationLandscapeLeft UIInterfaceOrientationLandscapeRight";
				INFOPLIST_KEY_UISupportedInterfaceOrientations_iPhone = "UIInterfaceOrientationPortrait UIInterfaceOrientationLandscapeLeft UIInterfaceOrientationLandscapeRight";
				LD_RUNPATH_SEARCH_PATHS = (
					"$(inherited)",
					"@executable_path/Frameworks",
				);
				MARKETING_VERSION = 1.0;
				PRODUCT_BUNDLE_IDENTIFIER = "cibertec.SCS-iOS-Project";
				PRODUCT_NAME = "$(TARGET_NAME)";
				SWIFT_EMIT_LOC_STRINGS = YES;
				SWIFT_VERSION = 5.0;
				TARGETED_DEVICE_FAMILY = "1,2";
			};
			name = Release;
		};
/* End XCBuildConfiguration section */

/* Begin XCConfigurationList section */
		2D68C2A62C69B8DB008CD29F /* Build configuration list for PBXProject "SCS-iOS-Project" */ = {
			isa = XCConfigurationList;
			buildConfigurations = (
				2D68C2BD2C69B8DC008CD29F /* Debug */,
				2D68C2BE2C69B8DC008CD29F /* Release */,
			);
			defaultConfigurationIsVisible = 0;
			defaultConfigurationName = Release;
		};
		2D68C2BF2C69B8DC008CD29F /* Build configuration list for PBXNativeTarget "SCS-iOS-Project" */ = {
			isa = XCConfigurationList;
			buildConfigurations = (
				2D68C2C02C69B8DC008CD29F /* Debug */,
				2D68C2C12C69B8DC008CD29F /* Release */,
			);
			defaultConfigurationIsVisible = 0;
			defaultConfigurationName = Release;
		};
/* End XCConfigurationList section */

/* Begin XCRemoteSwiftPackageReference section */
		2DB3315E2C763DE500EA1ECC /* XCRemoteSwiftPackageReference "Alamofire" */ = {
			isa = XCRemoteSwiftPackageReference;
			repositoryURL = "https://github.com/Alamofire/Alamofire.git";
			requirement = {
				kind = upToNextMajorVersion;
				minimumVersion = 5.9.1;
			};
		};
		2DB331652C764A5E00EA1ECC /* XCRemoteSwiftPackageReference "KeychainAccess" */ = {
			isa = XCRemoteSwiftPackageReference;
			repositoryURL = "https://github.com/kishikawakatsumi/KeychainAccess";
			requirement = {
				branch = master;
				kind = branch;
			};
		};
/* End XCRemoteSwiftPackageReference section */

/* Begin XCSwiftPackageProductDependency section */
		2DB3315F2C763DE500EA1ECC /* Alamofire */ = {
			isa = XCSwiftPackageProductDependency;
			package = 2DB3315E2C763DE500EA1ECC /* XCRemoteSwiftPackageReference "Alamofire" */;
			productName = Alamofire;
		};
		2DB331662C764A5E00EA1ECC /* KeychainAccess */ = {
			isa = XCSwiftPackageProductDependency;
			package = 2DB331652C764A5E00EA1ECC /* XCRemoteSwiftPackageReference "KeychainAccess" */;
			productName = KeychainAccess;
		};
/* End XCSwiftPackageProductDependency section */
	};
	rootObject = 2D68C2A32C69B8DB008CD29F /* Project object */;
}
